{
  "name": "viur-vue-utils",
  "version": "0.5.0",
  "lockfileVersion": 2,
  "requires": true,
  "packages": {
    "": {
      "name": "viur-vue-utils",
      "license": "MIT",
      "dependencies": {
        "logics-js": "^0.3.9"
      },
      "devDependencies": {
        "typescript": "^4.9.3"
      }
    },
    "node_modules/logics-js": {
      "version": "0.3.9",
      "resolved": "https://registry.npmjs.org/logics-js/-/logics-js-0.3.9.tgz",
      "integrity": "sha512-X7jZibSQSF5x0hQDHDaOyzL6U+a8c5xAAZiX7I7wot0nfHHD+cMh/XdLfPUJjXS7T2V8pl05AmxfXTAwU8xpJQ=="
    },
    "node_modules/typescript": {
      "version": "4.9.3",
      "resolved": "https://registry.npmjs.org/typescript/-/typescript-4.9.3.tgz",
      "integrity": "sha512-CIfGzTelbKNEnLpLdGFgdyKhG23CKdKgQPOBc+OUNrkJ2vr+KSzsSV5kq5iWhEQbok+quxgGzrAtGWCyU7tHnA==",
      "dev": true,
      "bin": {
        "tsc": "bin/tsc",
        "tsserver": "bin/tsserver"
      },
      "engines": {
        "node": ">=4.2.0"
      }
    },
    "packages/playground": {
      "version": "0.0.0",
      "extraneous": true,
      "dependencies": {
        "pinia": "^2.0.18",
        "vue": "^3.2.25"
      },
      "devDependencies": {
        "@vitejs/plugin-vue": "^2.3.4",
        "typescript": "^4.5.4",
        "vite": "^2.9.15",
        "vue-tsc": "^0.34.7"
      }
    },
    "packages/playground/packages/viur-vue-utils": {
      "extraneous": true
    },
    "packages/viur-vue-utils": {
      "version": "0.5.0",
      "extraneous": true,
      "license": "MIT"
    },
    "packages/viur-vue-utils/packages/viur-vue-utils": {
      "extraneous": true
    }
  },
  "dependencies": {
    "logics-js": {
      "version": "0.3.9",
      "resolved": "https://registry.npmjs.org/logics-js/-/logics-js-0.3.9.tgz",
      "integrity": "sha512-X7jZibSQSF5x0hQDHDaOyzL6U+a8c5xAAZiX7I7wot0nfHHD+cMh/XdLfPUJjXS7T2V8pl05AmxfXTAwU8xpJQ=="
    },
    "typescript": {
      "version": "4.9.3",
      "resolved": "https://registry.npmjs.org/typescript/-/typescript-4.9.3.tgz",
      "integrity": "sha512-CIfGzTelbKNEnLpLdGFgdyKhG23CKdKgQPOBc+OUNrkJ2vr+KSzsSV5kq5iWhEQbok+quxgGzrAtGWCyU7tHnA==",
      "dev": true
    }
  }
}
