{
  "name": "viur-vue-utils",
  "version": "0.5.0",
  "lockfileVersion": 2,
  "requires": true,
  "packages": {
    "": {
      "name": "viur-vue-utils",
      "version": "0.5.0",
      "license": "MIT",
      "devDependencies": {
        "typescript": "^4.7.4"
      }
    },
    "node_modules/typescript": {
      "version": "4.7.4",
      "resolved": "https://registry.npmjs.org/typescript/-/typescript-4.7.4.tgz",
      "integrity": "sha512-C0WQT0gezHuw6AdY1M2jxUO83Rjf0HP7Sk1DtXj6j1EwkQNZrHAg2XPWlq62oqEhYvONq5pkC2Y9oPljWToLmQ==",
      "dev": true,
      "bin": {
        "tsc": "bin/tsc",
        "tsserver": "bin/tsserver"
      },
      "engines": {
        "node": ">=4.2.0"
      }
    },
    "packages/playground": {
      "version": "0.0.0",
      "extraneous": true,
      "dependencies": {
        "pinia": "^2.0.18",
        "vue": "^3.2.25"
      },
      "devDependencies": {
        "@vitejs/plugin-vue": "^2.3.4",
        "typescript": "^4.5.4",
        "vite": "^2.9.15",
        "vue-tsc": "^0.34.7"
      }
    },
    "packages/playground/packages/viur-vue-utils": {
      "extraneous": true
    },
    "packages/viur-vue-utils": {
      "version": "0.5.0",
      "extraneous": true,
      "license": "MIT"
    },
    "packages/viur-vue-utils/packages/viur-vue-utils": {
      "extraneous": true
    }
  },
  "dependencies": {
    "typescript": {
      "version": "4.7.4",
      "resolved": "https://registry.npmjs.org/typescript/-/typescript-4.7.4.tgz",
      "integrity": "sha512-C0WQT0gezHuw6AdY1M2jxUO83Rjf0HP7Sk1DtXj6j1EwkQNZrHAg2XPWlq62oqEhYvONq5pkC2Y9oPljWToLmQ==",
      "dev": true
    }
  }
}
